{
  "requires": true,
  "lockfileVersion": 1,
  "dependencies": {
    "color-name": {
      "version": "1.1.4",
      "resolved": "https://registry.npmjs.org/color-name/-/color-name-1.1.4.tgz",
      "integrity": "sha512-dOy+3AuW3a2wNbZHIuMZpTcgjGuLU/uBL/ubcZF9OXbDo8ff4O8yVp5Bf0efS8uEoYo5q4Fx7dY9OgQGXgAsQA=="
    },
    "flex-gap-polyfill": {
      "version": "4.0.6",
      "resolved": "https://registry.npmjs.org/flex-gap-polyfill/-/flex-gap-polyfill-4.0.6.tgz",
      "integrity": "sha512-q6Lflr6w4wcktb6a3jJnV9PnNJvat1zNccbfuas8bUvAwxji/TkFe5SFzKEgmnEtvmqUtjVql6nTC4Ty+CkEQw==",
      "requires": {
        "postcss-values-parser": "^5.0.0"
      }
    },
    "is-url-superb": {
      "version": "4.0.0",
      "resolved": "https://registry.npmjs.org/is-url-superb/-/is-url-superb-4.0.0.tgz",
      "integrity": "sha512-GI+WjezhPPcbM+tqE9LnmsY5qqjwHzTvjJ36wxYX5ujNXefSUJ/T17r5bqDV8yLhcgB59KTPNOc9O9cmHTPWsA=="
    },
    "postcss-values-parser": {
      "version": "5.0.0",
      "resolved": "https://registry.npmjs.org/postcss-values-parser/-/postcss-values-parser-5.0.0.tgz",
      "integrity": "sha512-2viDDjMMrt21W2izbeiJxl3kFuD/+asgB0CBwPEgSyhCmBnDIa/y+pLaoyX+q3I3DHH0oPPL3cgjVTQvlS1Maw==",
      "requires": {
        "color-name": "^1.1.4",
        "is-url-superb": "^4.0.0",
        "quote-unquote": "^1.0.0"
      }
    },
    "quote-unquote": {
      "version": "1.0.0",
      "resolved": "https://registry.npmjs.org/quote-unquote/-/quote-unquote-1.0.0.tgz",
      "integrity": "sha1-Z6mncUjv/q+BpNQoQEpxC6qsigs="
    }
  }
}
